
Microsoft Visual Studio Solution File, Format Version 12.00
# Visual Studio 15
VisualStudioVersion = 15.0.27703.2047
MinimumVisualStudioVersion = 10.0.40219.1
Project("{FAE04EC0-301F-11D3-BF4B-00C04F79EFBC}") = "SalesWebMvc", "SalesWebMvc\SalesWebMvc.csproj", "{CE57CBEC-53A0-477A-A2C0-2A71642012F7}"
EndProject
Global
	GlobalSection(SolutionConfigurationPlatforms) = preSolution
		Debug|Any CPU = Debug|Any CPU
		Release|Any CPU = Release|Any CPU
	EndGlobalSection
	GlobalSection(ProjectConfigurationPlatforms) = postSolution
		{CE57CBEC-53A0-477A-A2C0-2A71642012F7}.Debug|Any CPU.ActiveCfg = Debug|Any CPU
		{CE57CBEC-53A0-477A-A2C0-2A71642012F7}.Debug|Any CPU.Build.0 = Debug|Any CPU
		{CE57CBEC-53A0-477A-A2C0-2A71642012F7}.Release|Any CPU.ActiveCfg = Release|Any CPU
		{CE57CBEC-53A0-477A-A2C0-2A71642012F7}.Release|Any CPU.Build.0 = Release|Any CPU
	EndGlobalSection
	GlobalSection(SolutionProperties) = preSolution
		HideSolutionNode = FALSE
	EndGlobalSection
	GlobalSection(ExtensibilityGlobals) = postSolution
		SolutionGuid = {24493831-B3E6-49F8-BA98-D0FC1900257B}
	EndGlobalSection
EndGlobal
